
Microsoft Visual Studio Solution File, Format Version 12.00
# Visual Studio Version 16
VisualStudioVersion = 16.0.29318.209
MinimumVisualStudioVersion = 10.0.40219.1
Project("{FAE04EC0-301F-11D3-BF4B-00C04F79EFBC}") = "MagicMirror.Android", "MagicMirror.Android\MagicMirror.Android.csproj", "{76B69E55-D888-4916-99B7-D42E869B8A71}"
EndProject
Project("{FAE04EC0-301F-11D3-BF4B-00C04F79EFBC}") = "MagicMirror.iOS", "MagicMirror.iOS\MagicMirror.iOS.csproj", "{6AE2DA9B-C31E-44A0-8484-2C581B4146E5}"
EndProject
Project("{FAE04EC0-301F-11D3-BF4B-00C04F79EFBC}") = "MagicMirror", "MagicMirror\MagicMirror.csproj", "{D92DAA7A-48F5-43FA-A191-78866449296D}"
EndProject
Global
	GlobalSection(SolutionConfigurationPlatforms) = preSolution
		Debug|Any CPU = Debug|Any CPU
		Debug|iPhone = Debug|iPhone
		Debug|iPhoneSimulator = Debug|iPhoneSimulator
		Release|Any CPU = Release|Any CPU
		Release|iPhone = Release|iPhone
		Release|iPhoneSimulator = Release|iPhoneSimulator
	EndGlobalSection
	GlobalSection(ProjectConfigurationPlatforms) = postSolution
		{76B69E55-D888-4916-99B7-D42E869B8A71}.Debug|Any CPU.ActiveCfg = Debug|Any CPU
		{76B69E55-D888-4916-99B7-D42E869B8A71}.Debug|Any CPU.Build.0 = Debug|Any CPU
		{76B69E55-D888-4916-99B7-D42E869B8A71}.Debug|Any CPU.Deploy.0 = Debug|Any CPU
		{76B69E55-D888-4916-99B7-D42E869B8A71}.Debug|iPhone.ActiveCfg = Debug|Any CPU
		{76B69E55-D888-4916-99B7-D42E869B8A71}.Debug|iPhone.Build.0 = Debug|Any CPU
		{76B69E55-D888-4916-99B7-D42E869B8A71}.Debug|iPhone.Deploy.0 = Debug|Any CPU
		{76B69E55-D888-4916-99B7-D42E869B8A71}.Debug|iPhoneSimulator.ActiveCfg = Debug|Any CPU
		{76B69E55-D888-4916-99B7-D42E869B8A71}.Debug|iPhoneSimulator.Build.0 = Debug|Any CPU
		{76B69E55-D888-4916-99B7-D42E869B8A71}.Debug|iPhoneSimulator.Deploy.0 = Debug|Any CPU
		{76B69E55-D888-4916-99B7-D42E869B8A71}.Release|Any CPU.ActiveCfg = Release|Any CPU
		{76B69E55-D888-4916-99B7-D42E869B8A71}.Release|Any CPU.Build.0 = Release|Any CPU
		{76B69E55-D888-4916-99B7-D42E869B8A71}.Release|Any CPU.Deploy.0 = Release|Any CPU
		{76B69E55-D888-4916-99B7-D42E869B8A71}.Release|iPhone.ActiveCfg = Release|Any CPU
		{76B69E55-D888-4916-99B7-D42E869B8A71}.Release|iPhone.Build.0 = Release|Any CPU
		{76B69E55-D888-4916-99B7-D42E869B8A71}.Release|iPhone.Deploy.0 = Release|Any CPU
		{76B69E55-D888-4916-99B7-D42E869B8A71}.Release|iPhoneSimulator.ActiveCfg = Release|Any CPU
		{76B69E55-D888-4916-99B7-D42E869B8A71}.Release|iPhoneSimulator.Build.0 = Release|Any CPU
		{76B69E55-D888-4916-99B7-D42E869B8A71}.Release|iPhoneSimulator.Deploy.0 = Release|Any CPU
		{6AE2DA9B-C31E-44A0-8484-2C581B4146E5}.Debug|Any CPU.ActiveCfg = Debug|iPhoneSimulator
		{6AE2DA9B-C31E-44A0-8484-2C581B4146E5}.Debug|Any CPU.Build.0 = Debug|iPhoneSimulator
		{6AE2DA9B-C31E-44A0-8484-2C581B4146E5}.Debug|Any CPU.Deploy.0 = Debug|iPhoneSimulator
		{6AE2DA9B-C31E-44A0-8484-2C581B4146E5}.Debug|iPhone.ActiveCfg = Debug|iPhone
		{6AE2DA9B-C31E-44A0-8484-2C581B4146E5}.Debug|iPhone.Build.0 = Debug|iPhone
		{6AE2DA9B-C31E-44A0-8484-2C581B4146E5}.Debug|iPhone.Deploy.0 = Debug|iPhone
		{6AE2DA9B-C31E-44A0-8484-2C581B4146E5}.Debug|iPhoneSimulator.ActiveCfg = Debug|iPhoneSimulator
		{6AE2DA9B-C31E-44A0-8484-2C581B4146E5}.Debug|iPhoneSimulator.Build.0 = Debug|iPhoneSimulator
		{6AE2DA9B-C31E-44A0-8484-2C581B4146E5}.Debug|iPhoneSimulator.Deploy.0 = Debug|iPhoneSimulator
		{6AE2DA9B-C31E-44A0-8484-2C581B4146E5}.Release|Any CPU.ActiveCfg = Release|iPhone
		{6AE2DA9B-C31E-44A0-8484-2C581B4146E5}.Release|Any CPU.Build.0 = Release|iPhone
		{6AE2DA9B-C31E-44A0-8484-2C581B4146E5}.Release|Any CPU.Deploy.0 = Release|iPhone
		{6AE2DA9B-C31E-44A0-8484-2C581B4146E5}.Release|iPhone.ActiveCfg = Release|iPhone
		{6AE2DA9B-C31E-44A0-8484-2C581B4146E5}.Release|iPhone.Build.0 = Release|iPhone
		{6AE2DA9B-C31E-44A0-8484-2C581B4146E5}.Release|iPhone.Deploy.0 = Release|iPhone
		{6AE2DA9B-C31E-44A0-8484-2C581B4146E5}.Release|iPhoneSimulator.ActiveCfg = Release|iPhoneSimulator
		{6AE2DA9B-C31E-44A0-8484-2C581B4146E5}.Release|iPhoneSimulator.Build.0 = Release|iPhoneSimulator
		{6AE2DA9B-C31E-44A0-8484-2C581B4146E5}.Release|iPhoneSimulator.Deploy.0 = Release|iPhoneSimulator
		{D92DAA7A-48F5-43FA-A191-78866449296D}.Debug|Any CPU.ActiveCfg = Debug|Any CPU
		{D92DAA7A-48F5-43FA-A191-78866449296D}.Debug|Any CPU.Build.0 = Debug|Any CPU
		{D92DAA7A-48F5-43FA-A191-78866449296D}.Debug|Any CPU.Deploy.0 = Debug|Any CPU
		{D92DAA7A-48F5-43FA-A191-78866449296D}.Debug|iPhone.ActiveCfg = Debug|Any CPU
		{D92DAA7A-48F5-43FA-A191-78866449296D}.Debug|iPhone.Build.0 = Debug|Any CPU
		{D92DAA7A-48F5-43FA-A191-78866449296D}.Debug|iPhone.Deploy.0 = Debug|Any CPU
		{D92DAA7A-48F5-43FA-A191-78866449296D}.Debug|iPhoneSimulator.ActiveCfg = Debug|Any CPU
		{D92DAA7A-48F5-43FA-A191-78866449296D}.Debug|iPhoneSimulator.Build.0 = Debug|Any CPU
		{D92DAA7A-48F5-43FA-A191-78866449296D}.Debug|iPhoneSimulator.Deploy.0 = Debug|Any CPU
		{D92DAA7A-48F5-43FA-A191-78866449296D}.Release|Any CPU.ActiveCfg = Release|Any CPU
		{D92DAA7A-48F5-43FA-A191-78866449296D}.Release|Any CPU.Build.0 = Release|Any CPU
		{D92DAA7A-48F5-43FA-A191-78866449296D}.Release|Any CPU.Deploy.0 = Release|Any CPU
		{D92DAA7A-48F5-43FA-A191-78866449296D}.Release|iPhone.ActiveCfg = Release|Any CPU
		{D92DAA7A-48F5-43FA-A191-78866449296D}.Release|iPhone.Build.0 = Release|Any CPU
		{D92DAA7A-48F5-43FA-A191-78866449296D}.Release|iPhone.Deploy.0 = Release|Any CPU
		{D92DAA7A-48F5-43FA-A191-78866449296D}.Release|iPhoneSimulator.ActiveCfg = Release|Any CPU
		{D92DAA7A-48F5-43FA-A191-78866449296D}.Release|iPhoneSimulator.Build.0 = Release|Any CPU
		{D92DAA7A-48F5-43FA-A191-78866449296D}.Release|iPhoneSimulator.Deploy.0 = Release|Any CPU
	EndGlobalSection
	GlobalSection(SolutionProperties) = preSolution
		HideSolutionNode = FALSE
	EndGlobalSection
	GlobalSection(ExtensibilityGlobals) = postSolution
		SolutionGuid = {9C2174E1-A4A8-46DF-8A07-31999569AE18}
	EndGlobalSection
EndGlobal
